
Microsoft Visual Studio Solution File, Format Version 12.00
# Visual Studio Version 17
VisualStudioVersion = 17.14.36221.1
MinimumVisualStudioVersion = 10.0.40219.1
Project("{FAE04EC0-301F-11D3-BF4B-00C04F79EFBC}") = "SalesAssistant.Api", "SalesAssistant.Api\SalesAssistant.Api.csproj", "{DBCC38C7-1FA0-4D71-9769-3A2BE00C1F35}"
EndProject
Global
	GlobalSection(SolutionConfigurationPlatforms) = preSolution
		Debug|Any CPU = Debug|Any CPU
		Release|Any CPU = Release|Any CPU
	EndGlobalSection
	GlobalSection(ProjectConfigurationPlatforms) = postSolution
		{DBCC38C7-1FA0-4D71-9769-3A2BE00C1F35}.Debug|Any CPU.ActiveCfg = Debug|Any CPU
		{DBCC38C7-1FA0-4D71-9769-3A2BE00C1F35}.Debug|Any CPU.Build.0 = Debug|Any CPU
		{DBCC38C7-1FA0-4D71-9769-3A2BE00C1F35}.Release|Any CPU.ActiveCfg = Release|Any CPU
		{DBCC38C7-1FA0-4D71-9769-3A2BE00C1F35}.Release|Any CPU.Build.0 = Release|Any CPU
	EndGlobalSection
	GlobalSection(SolutionProperties) = preSolution
		HideSolutionNode = FALSE
	EndGlobalSection
	GlobalSection(ExtensibilityGlobals) = postSolution
		SolutionGuid = {141D9143-A9DD-42DC-B420-32B6452785B1}
	EndGlobalSection
EndGlobal
